
Microsoft Visual Studio Solution File, Format Version 12.00
# Visual Studio 15
VisualStudioVersion = 15.0.27130.2026
MinimumVisualStudioVersion = 10.0.40219.1
Project("{FAE04EC0-301F-11D3-BF4B-00C04F79EFBC}") = "ProductivitySuite", "ProductivitySuite\ProductivitySuite.csproj", "{024B3159-EF4B-4A30-B11F-F83EA58B736D}"
EndProject
Project("{FAE04EC0-301F-11D3-BF4B-00C04F79EFBC}") = "ProductivitySuite.Tests", "ProductivitySuite.Tests\ProductivitySuite.Tests.csproj", "{1EF69235-7B2F-453F-9E3F-E7987DA2DEE4}"
EndProject
Global
	GlobalSection(SolutionConfigurationPlatforms) = preSolution
		Debug|Any CPU = Debug|Any CPU
		Release|Any CPU = Release|Any CPU
	EndGlobalSection
	GlobalSection(ProjectConfigurationPlatforms) = postSolution
		{024B3159-EF4B-4A30-B11F-F83EA58B736D}.Debug|Any CPU.ActiveCfg = Debug|Any CPU
		{024B3159-EF4B-4A30-B11F-F83EA58B736D}.Debug|Any CPU.Build.0 = Debug|Any CPU
		{024B3159-EF4B-4A30-B11F-F83EA58B736D}.Release|Any CPU.ActiveCfg = Release|Any CPU
		{024B3159-EF4B-4A30-B11F-F83EA58B736D}.Release|Any CPU.Build.0 = Release|Any CPU
		{1EF69235-7B2F-453F-9E3F-E7987DA2DEE4}.Debug|Any CPU.ActiveCfg = Debug|Any CPU
		{1EF69235-7B2F-453F-9E3F-E7987DA2DEE4}.Debug|Any CPU.Build.0 = Debug|Any CPU
		{1EF69235-7B2F-453F-9E3F-E7987DA2DEE4}.Release|Any CPU.ActiveCfg = Release|Any CPU
		{1EF69235-7B2F-453F-9E3F-E7987DA2DEE4}.Release|Any CPU.Build.0 = Release|Any CPU
	EndGlobalSection
	GlobalSection(SolutionProperties) = preSolution
		HideSolutionNode = FALSE
	EndGlobalSection
	GlobalSection(ExtensibilityGlobals) = postSolution
		SolutionGuid = {8B82EDED-9BDD-4ECA-B486-E023B999F424}
	EndGlobalSection
EndGlobal
